// !$*UTF8*$!
{
	archiveVersion = 1;
	classes = {
	};
	objectVersion = 46;
	objects = {

/* Begin PBXBuildFile section */
		A104F15A16CEC1CA0029AC22 /* UIKit.framework in Frameworks */ = {isa = PBXBuildFile; fileRef = A104F15916CEC1CA0029AC22 /* UIKit.framework */; };
		A104F15C16CEC1CA0029AC22 /* Foundation.framework in Frameworks */ = {isa = PBXBuildFile; fileRef = A104F15B16CEC1CA0029AC22 /* Foundation.framework */; };
		A104F15E16CEC1CA0029AC22 /* CoreGraphics.framework in Frameworks */ = {isa = PBXBuildFile; fileRef = A104F15D16CEC1CA0029AC22 /* CoreGraphics.framework */; };
		A104F16416CEC1CB0029AC22 /* InfoPlist.strings in Resources */ = {isa = PBXBuildFile; fileRef = A104F16216CEC1CB0029AC22 /* InfoPlist.strings */; };
		A104F16616CEC1CB0029AC22 /* main.m in Sources */ = {isa = PBXBuildFile; fileRef = A104F16516CEC1CB0029AC22 /* main.m */; };
		A104F16A16CEC1CB0029AC22 /* CardGameAppDelegate.m in Sources */ = {isa = PBXBuildFile; fileRef = A104F16916CEC1CB0029AC22 /* CardGameAppDelegate.m */; };
		A104F16C16CEC1CB0029AC22 /* Default.png in Resources */ = {isa = PBXBuildFile; fileRef = A104F16B16CEC1CB0029AC22 /* Default.png */; };
		A104F16E16CEC1CB0029AC22 /* Default@2x.png in Resources */ = {isa = PBXBuildFile; fileRef = A104F16D16CEC1CB0029AC22 /* Default@2x.png */; };
		A104F17016CEC1CB0029AC22 /* Default-568h@2x.png in Resources */ = {isa = PBXBuildFile; fileRef = A104F16F16CEC1CB0029AC22 /* Default-568h@2x.png */; };
		A104F17316CEC1CB0029AC22 /* MainStoryboard.storyboard in Resources */ = {isa = PBXBuildFile; fileRef = A104F17116CEC1CB0029AC22 /* MainStoryboard.storyboard */; };
		A104F17616CEC1CB0029AC22 /* CardGameViewController.m in Sources */ = {isa = PBXBuildFile; fileRef = A104F17516CEC1CB0029AC22 /* CardGameViewController.m */; };
		A19AEF8D16CED2620018DFCF /* Card.m in Sources */ = {isa = PBXBuildFile; fileRef = A19AEF8616CED2620018DFCF /* Card.m */; };
		A19AEF8E16CED2620018DFCF /* Deck.m in Sources */ = {isa = PBXBuildFile; fileRef = A19AEF8816CED2620018DFCF /* Deck.m */; };
		A19AEF8F16CED2620018DFCF /* PlayingCard.m in Sources */ = {isa = PBXBuildFile; fileRef = A19AEF8A16CED2620018DFCF /* PlayingCard.m */; };
		A19AEF9016CED2620018DFCF /* PlayingCardDeck.m in Sources */ = {isa = PBXBuildFile; fileRef = A19AEF8C16CED2620018DFCF /* PlayingCardDeck.m */; };
		A19AEF9416CEDCF90018DFCF /* CardMatchingGame.m in Sources */ = {isa = PBXBuildFile; fileRef = A19AEF9316CEDCF90018DFCF /* CardMatchingGame.m */; };
/* End PBXBuildFile section */

/* Begin PBXFileReference section */
		A104F15616CEC1CA0029AC22 /* Matchismo.app */ = {isa = PBXFileReference; explicitFileType = wrapper.application; includeInIndex = 0; path = Matchismo.app; sourceTree = BUILT_PRODUCTS_DIR; };
		A104F15916CEC1CA0029AC22 /* UIKit.framework */ = {isa = PBXFileReference; lastKnownFileType = wrapper.framework; name = UIKit.framework; path = System/Library/Frameworks/UIKit.framework; sourceTree = SDKROOT; };
		A104F15B16CEC1CA0029AC22 /* Foundation.framework */ = {isa = PBXFileReference; lastKnownFileType = wrapper.framework; name = Foundation.framework; path = System/Library/Frameworks/Foundation.framework; sourceTree = SDKROOT; };
		A104F15D16CEC1CA0029AC22 /* CoreGraphics.framework */ = {isa = PBXFileReference; lastKnownFileType = wrapper.framework; name = CoreGraphics.framework; path = System/Library/Frameworks/CoreGraphics.framework; sourceTree = SDKROOT; };
		A104F16116CEC1CA0029AC22 /* Matchismo-Info.plist */ = {isa = PBXFileReference; lastKnownFileType = text.plist.xml; path = "Matchismo-Info.plist"; sourceTree = "<group>"; };
		A104F16316CEC1CB0029AC22 /* en */ = {isa = PBXFileReference; lastKnownFileType = text.plist.strings; name = en; path = en.lproj/InfoPlist.strings; sourceTree = "<group>"; };
		A104F16516CEC1CB0029AC22 /* main.m */ = {isa = PBXFileReference; lastKnownFileType = sourcecode.c.objc; path = main.m; sourceTree = "<group>"; };
		A104F16716CEC1CB0029AC22 /* Matchismo-Prefix.pch */ = {isa = PBXFileReference; lastKnownFileType = sourcecode.c.h; path = "Matchismo-Prefix.pch"; sourceTree = "<group>"; };
		A104F16816CEC1CB0029AC22 /* CardGameAppDelegate.h */ = {isa = PBXFileReference; lastKnownFileType = sourcecode.c.h; path = CardGameAppDelegate.h; sourceTree = "<group>"; };
		A104F16916CEC1CB0029AC22 /* CardGameAppDelegate.m */ = {isa = PBXFileReference; lastKnownFileType = sourcecode.c.objc; path = CardGameAppDelegate.m; sourceTree = "<group>"; };
		A104F16B16CEC1CB0029AC22 /* Default.png */ = {isa = PBXFileReference; lastKnownFileType = image.png; path = Default.png; sourceTree = "<group>"; };
		A104F16D16CEC1CB0029AC22 /* Default@2x.png */ = {isa = PBXFileReference; lastKnownFileType = image.png; path = "Default@2x.png"; sourceTree = "<group>"; };
		A104F16F16CEC1CB0029AC22 /* Default-568h@2x.png */ = {isa = PBXFileReference; lastKnownFileType = image.png; path = "Default-568h@2x.png"; sourceTree = "<group>"; };
		A104F17216CEC1CB0029AC22 /* en */ = {isa = PBXFileReference; lastKnownFileType = file.storyboard; name = en; path = en.lproj/MainStoryboard.storyboard; sourceTree = "<group>"; };
		A104F17416CEC1CB0029AC22 /* CardGameViewController.h */ = {isa = PBXFileReference; lastKnownFileType = sourcecode.c.h; path = CardGameViewController.h; sourceTree = "<group>"; };
		A104F17516CEC1CB0029AC22 /* CardGameViewController.m */ = {isa = PBXFileReference; lastKnownFileType = sourcecode.c.objc; path = CardGameViewController.m; sourceTree = "<group>"; };
		A19AEF8516CED2620018DFCF /* Card.h */ = {isa = PBXFileReference; fileEncoding = 4; lastKnownFileType = sourcecode.c.h; name = Card.h; path = Model/Card.h; sourceTree = "<group>"; };
		A19AEF8616CED2620018DFCF /* Card.m */ = {isa = PBXFileReference; fileEncoding = 4; lastKnownFileType = sourcecode.c.objc; name = Card.m; path = Model/Card.m; sourceTree = "<group>"; };
		A19AEF8716CED2620018DFCF /* Deck.h */ = {isa = PBXFileReference; fileEncoding = 4; lastKnownFileType = sourcecode.c.h; name = Deck.h; path = Model/Deck.h; sourceTree = "<group>"; };
		A19AEF8816CED2620018DFCF /* Deck.m */ = {isa = PBXFileReference; fileEncoding = 4; lastKnownFileType = sourcecode.c.objc; name = Deck.m; path = Model/Deck.m; sourceTree = "<group>"; };
		A19AEF8916CED2620018DFCF /* PlayingCard.h */ = {isa = PBXFileReference; fileEncoding = 4; lastKnownFileType = sourcecode.c.h; name = PlayingCard.h; path = Model/PlayingCard.h; sourceTree = "<group>"; };
		A19AEF8A16CED2620018DFCF /* PlayingCard.m */ = {isa = PBXFileReference; fileEncoding = 4; lastKnownFileType = sourcecode.c.objc; name = PlayingCard.m; path = Model/PlayingCard.m; sourceTree = "<group>"; };
		A19AEF8B16CED2620018DFCF /* PlayingCardDeck.h */ = {isa = PBXFileReference; fileEncoding = 4; lastKnownFileType = sourcecode.c.h; name = PlayingCardDeck.h; path = Model/PlayingCardDeck.h; sourceTree = "<group>"; };
		A19AEF8C16CED2620018DFCF /* PlayingCardDeck.m */ = {isa = PBXFileReference; fileEncoding = 4; lastKnownFileType = sourcecode.c.objc; name = PlayingCardDeck.m; path = Model/PlayingCardDeck.m; sourceTree = "<group>"; };
		A19AEF9216CEDCF90018DFCF /* CardMatchingGame.h */ = {isa = PBXFileReference; fileEncoding = 4; lastKnownFileType = sourcecode.c.h; name = CardMatchingGame.h; path = Model/CardMatchingGame.h; sourceTree = "<group>"; };
		A19AEF9316CEDCF90018DFCF /* CardMatchingGame.m */ = {isa = PBXFileReference; fileEncoding = 4; lastKnownFileType = sourcecode.c.objc; name = CardMatchingGame.m; path = Model/CardMatchingGame.m; sourceTree = "<group>"; };
/* End PBXFileReference section */

/* Begin PBXFrameworksBuildPhase section */
		A104F15316CEC1CA0029AC22 /* Frameworks */ = {
			isa = PBXFrameworksBuildPhase;
			buildActionMask = 2147483647;
			files = (
				A104F15A16CEC1CA0029AC22 /* UIKit.framework in Frameworks */,
				A104F15C16CEC1CA0029AC22 /* Foundation.framework in Frameworks */,
				A104F15E16CEC1CA0029AC22 /* CoreGraphics.framework in Frameworks */,
			);
			runOnlyForDeploymentPostprocessing = 0;
		};
/* End PBXFrameworksBuildPhase section */

/* Begin PBXGroup section */
		A104F14D16CEC1CA0029AC22 = {
			isa = PBXGroup;
			children = (
				A104F15F16CEC1CA0029AC22 /* Matchismo */,
				A104F15816CEC1CA0029AC22 /* Frameworks */,
				A104F15716CEC1CA0029AC22 /* Products */,
			);
			sourceTree = "<group>";
		};
		A104F15716CEC1CA0029AC22 /* Products */ = {
			isa = PBXGroup;
			children = (
				A104F15616CEC1CA0029AC22 /* Matchismo.app */,
			);
			name = Products;
			sourceTree = "<group>";
		};
		A104F15816CEC1CA0029AC22 /* Frameworks */ = {
			isa = PBXGroup;
			children = (
				A104F15916CEC1CA0029AC22 /* UIKit.framework */,
				A104F15B16CEC1CA0029AC22 /* Foundation.framework */,
				A104F15D16CEC1CA0029AC22 /* CoreGraphics.framework */,
			);
			name = Frameworks;
			sourceTree = "<group>";
		};
		A104F15F16CEC1CA0029AC22 /* Matchismo */ = {
			isa = PBXGroup;
			children = (
				A19AEF9116CED2860018DFCF /* Model */,
				A104F16816CEC1CB0029AC22 /* CardGameAppDelegate.h */,
				A104F16916CEC1CB0029AC22 /* CardGameAppDelegate.m */,
				A104F17116CEC1CB0029AC22 /* MainStoryboard.storyboard */,
				A104F17416CEC1CB0029AC22 /* CardGameViewController.h */,
				A104F17516CEC1CB0029AC22 /* CardGameViewController.m */,
				A104F16016CEC1CA0029AC22 /* Supporting Files */,
			);
			path = Matchismo;
			sourceTree = "<group>";
		};
		A104F16016CEC1CA0029AC22 /* Supporting Files */ = {
			isa = PBXGroup;
			children = (
				A104F16116CEC1CA0029AC22 /* Matchismo-Info.plist */,
				A104F16216CEC1CB0029AC22 /* InfoPlist.strings */,
				A104F16516CEC1CB0029AC22 /* main.m */,
				A104F16716CEC1CB0029AC22 /* Matchismo-Prefix.pch */,
				A104F16B16CEC1CB0029AC22 /* Default.png */,
				A104F16D16CEC1CB0029AC22 /* Default@2x.png */,
				A104F16F16CEC1CB0029AC22 /* Default-568h@2x.png */,
			);
			name = "Supporting Files";
			sourceTree = "<group>";
		};
		A19AEF9116CED2860018DFCF /* Model */ = {
			isa = PBXGroup;
			children = (
				A19AEF9216CEDCF90018DFCF /* CardMatchingGame.h */,
				A19AEF9316CEDCF90018DFCF /* CardMatchingGame.m */,
				A19AEF8516CED2620018DFCF /* Card.h */,
				A19AEF8616CED2620018DFCF /* Card.m */,
				A19AEF8716CED2620018DFCF /* Deck.h */,
				A19AEF8816CED2620018DFCF /* Deck.m */,
				A19AEF8916CED2620018DFCF /* PlayingCard.h */,
				A19AEF8A16CED2620018DFCF /* PlayingCard.m */,
				A19AEF8B16CED2620018DFCF /* PlayingCardDeck.h */,
				A19AEF8C16CED2620018DFCF /* PlayingCardDeck.m */,
			);
			name = Model;
			sourceTree = "<group>";
		};
/* End PBXGroup section */

/* Begin PBXNativeTarget section */
		A104F15516CEC1CA0029AC22 /* Matchismo */ = {
			isa = PBXNativeTarget;
			buildConfigurationList = A104F17916CEC1CB0029AC22 /* Build configuration list for PBXNativeTarget "Matchismo" */;
			buildPhases = (
				A104F15216CEC1CA0029AC22 /* Sources */,
				A104F15316CEC1CA0029AC22 /* Frameworks */,
				A104F15416CEC1CA0029AC22 /* Resources */,
			);
			buildRules = (
			);
			dependencies = (
			);
			name = Matchismo;
			productName = Matchismo;
			productReference = A104F15616CEC1CA0029AC22 /* Matchismo.app */;
			productType = "com.apple.product-type.application";
		};
/* End PBXNativeTarget section */

/* Begin PBXProject section */
		A104F14E16CEC1CA0029AC22 /* Project object */ = {
			isa = PBXProject;
			attributes = {
				CLASSPREFIX = CardGame;
				LastUpgradeCheck = 0460;
				ORGANIZATIONNAME = "TaskEdge Inc.";
			};
			buildConfigurationList = A104F15116CEC1CA0029AC22 /* Build configuration list for PBXProject "Matchismo" */;
			compatibilityVersion = "Xcode 3.2";
			developmentRegion = English;
			hasScannedForEncodings = 0;
			knownRegions = (
				en,
			);
			mainGroup = A104F14D16CEC1CA0029AC22;
			productRefGroup = A104F15716CEC1CA0029AC22 /* Products */;
			projectDirPath = "";
			projectRoot = "";
			targets = (
				A104F15516CEC1CA0029AC22 /* Matchismo */,
			);
		};
/* End PBXProject section */

/* Begin PBXResourcesBuildPhase section */
		A104F15416CEC1CA0029AC22 /* Resources */ = {
			isa = PBXResourcesBuildPhase;
			buildActionMask = 2147483647;
			files = (
				A104F16416CEC1CB0029AC22 /* InfoPlist.strings in Resources */,
				A104F16C16CEC1CB0029AC22 /* Default.png in Resources */,
				A104F16E16CEC1CB0029AC22 /* Default@2x.png in Resources */,
				A104F17016CEC1CB0029AC22 /* Default-568h@2x.png in Resources */,
				A104F17316CEC1CB0029AC22 /* MainStoryboard.storyboard in Resources */,
			);
			runOnlyForDeploymentPostprocessing = 0;
		};
/* End PBXResourcesBuildPhase section */

/* Begin PBXSourcesBuildPhase section */
		A104F15216CEC1CA0029AC22 /* Sources */ = {
			isa = PBXSourcesBuildPhase;
			buildActionMask = 2147483647;
			files = (
				A104F16616CEC1CB0029AC22 /* main.m in Sources */,
				A104F16A16CEC1CB0029AC22 /* CardGameAppDelegate.m in Sources */,
				A104F17616CEC1CB0029AC22 /* CardGameViewController.m in Sources */,
				A19AEF8D16CED2620018DFCF /* Card.m in Sources */,
				A19AEF8E16CED2620018DFCF /* Deck.m in Sources */,
				A19AEF8F16CED2620018DFCF /* PlayingCard.m in Sources */,
				A19AEF9016CED2620018DFCF /* PlayingCardDeck.m in Sources */,
				A19AEF9416CEDCF90018DFCF /* CardMatchingGame.m in Sources */,
			);
			runOnlyForDeploymentPostprocessing = 0;
		};
/* End PBXSourcesBuildPhase section */

/* Begin PBXVariantGroup section */
		A104F16216CEC1CB0029AC22 /* InfoPlist.strings */ = {
			isa = PBXVariantGroup;
			children = (
				A104F16316CEC1CB0029AC22 /* en */,
			);
			name = InfoPlist.strings;
			sourceTree = "<group>";
		};
		A104F17116CEC1CB0029AC22 /* MainStoryboard.storyboard */ = {
			isa = PBXVariantGroup;
			children = (
				A104F17216CEC1CB0029AC22 /* en */,
			);
			name = MainStoryboard.storyboard;
			sourceTree = "<group>";
		};
/* End PBXVariantGroup section */

/* Begin XCBuildConfiguration section */
		A104F17716CEC1CB0029AC22 /* Debug */ = {
			isa = XCBuildConfiguration;
			buildSettings = {
				ALWAYS_SEARCH_USER_PATHS = NO;
				CLANG_CXX_LANGUAGE_STANDARD = "gnu++0x";
				CLANG_CXX_LIBRARY = "libc++";
				CLANG_ENABLE_OBJC_ARC = YES;
				CLANG_WARN_CONSTANT_CONVERSION = YES;
				CLANG_WARN_EMPTY_BODY = YES;
				CLANG_WARN_ENUM_CONVERSION = YES;
				CLANG_WARN_INT_CONVERSION = YES;
				CLANG_WARN__DUPLICATE_METHOD_MATCH = YES;
				"CODE_SIGN_IDENTITY[sdk=iphoneos*]" = "iPhone Developer";
				COPY_PHASE_STRIP = NO;
				GCC_C_LANGUAGE_STANDARD = gnu99;
				GCC_DYNAMIC_NO_PIC = NO;
				GCC_OPTIMIZATION_LEVEL = 0;
				GCC_PREPROCESSOR_DEFINITIONS = (
					"DEBUG=1",
					"$(inherited)",
				);
				GCC_SYMBOLS_PRIVATE_EXTERN = NO;
				GCC_WARN_ABOUT_RETURN_TYPE = YES;
				GCC_WARN_UNINITIALIZED_AUTOS = YES;
				GCC_WARN_UNUSED_VARIABLE = YES;
				IPHONEOS_DEPLOYMENT_TARGET = 6.1;
				ONLY_ACTIVE_ARCH = YES;
				SDKROOT = iphoneos;
			};
			name = Debug;
		};
		A104F17816CEC1CB0029AC22 /* Release */ = {
			isa = XCBuildConfiguration;
			buildSettings = {
				ALWAYS_SEARCH_USER_PATHS = NO;
				CLANG_CXX_LANGUAGE_STANDARD = "gnu++0x";
				CLANG_CXX_LIBRARY = "libc++";
				CLANG_ENABLE_OBJC_ARC = YES;
				CLANG_WARN_CONSTANT_CONVERSION = YES;
				CLANG_WARN_EMPTY_BODY = YES;
				CLANG_WARN_ENUM_CONVERSION = YES;
				CLANG_WARN_INT_CONVERSION = YES;
				CLANG_WARN__DUPLICATE_METHOD_MATCH = YES;
				"CODE_SIGN_IDENTITY[sdk=iphoneos*]" = "iPhone Developer";
				COPY_PHASE_STRIP = YES;
				GCC_C_LANGUAGE_STANDARD = gnu99;
				GCC_WARN_ABOUT_RETURN_TYPE = YES;
				GCC_WARN_UNINITIALIZED_AUTOS = YES;
				GCC_WARN_UNUSED_VARIABLE = YES;
				IPHONEOS_DEPLOYMENT_TARGET = 6.1;
				OTHER_CFLAGS = "-DNS_BLOCK_ASSERTIONS=1";
				SDKROOT = iphoneos;
				VALIDATE_PRODUCT = YES;
			};
			name = Release;
		};
		A104F17A16CEC1CB0029AC22 /* Debug */ = {
			isa = XCBuildConfiguration;
			buildSettings = {
				GCC_PRECOMPILE_PREFIX_HEADER = YES;
				GCC_PREFIX_HEADER = "Matchismo/Matchismo-Prefix.pch";
				INFOPLIST_FILE = "Matchismo/Matchismo-Info.plist";
				PRODUCT_NAME = "$(TARGET_NAME)";
				WRAPPER_EXTENSION = app;
			};
			name = Debug;
		};
		A104F17B16CEC1CB0029AC22 /* Release */ = {
			isa = XCBuildConfiguration;
			buildSettings = {
				GCC_PRECOMPILE_PREFIX_HEADER = YES;
				GCC_PREFIX_HEADER = "Matchismo/Matchismo-Prefix.pch";
				INFOPLIST_FILE = "Matchismo/Matchismo-Info.plist";
				PRODUCT_NAME = "$(TARGET_NAME)";
				WRAPPER_EXTENSION = app;
			};
			name = Release;
		};
/* End XCBuildConfiguration section */

/* Begin XCConfigurationList section */
		A104F15116CEC1CA0029AC22 /* Build configuration list for PBXProject "Matchismo" */ = {
			isa = XCConfigurationList;
			buildConfigurations = (
				A104F17716CEC1CB0029AC22 /* Debug */,
				A104F17816CEC1CB0029AC22 /* Release */,
			);
			defaultConfigurationIsVisible = 0;
			defaultConfigurationName = Release;
		};
		A104F17916CEC1CB0029AC22 /* Build configuration list for PBXNativeTarget "Matchismo" */ = {
			isa = XCConfigurationList;
			buildConfigurations = (
				A104F17A16CEC1CB0029AC22 /* Debug */,
				A104F17B16CEC1CB0029AC22 /* Release */,
			);
			defaultConfigurationIsVisible = 0;
			defaultConfigurationName = Release;
		};
/* End XCConfigurationList section */
	};
	rootObject = A104F14E16CEC1CA0029AC22 /* Project object */;
}
